// !$*UTF8*$!
{
	archiveVersion = 1;
	classes = {
	};
	objectVersion = 55;
	objects = {

/* Begin PBXBuildFile section */
		EA0FA36B27A99C3E00964033 /* Assets.xcassets in Resources */ = {isa = PBXBuildFile; fileRef = EA0FA36A27A99C3E00964033 /* Assets.xcassets */; };
		EA0FA37127A99C3E00964033 /* moracleapp MessagesExtension.appex in Embed App Extensions */ = {isa = PBXBuildFile; fileRef = EA0FA37027A99C3E00964033 /* moracleapp MessagesExtension.appex */; settings = {ATTRIBUTES = (RemoveHeadersOnCopy, ); }; };
		EA0FA37627A99C3E00964033 /* Messages.framework in Frameworks */ = {isa = PBXBuildFile; fileRef = EA0FA37527A99C3E00964033 /* Messages.framework */; };
		EA0FA37927A99C3E00964033 /* MessagesViewController.swift in Sources */ = {isa = PBXBuildFile; fileRef = EA0FA37827A99C3E00964033 /* MessagesViewController.swift */; };
		EA0FA37C27A99C3E00964033 /* MainInterface.storyboard in Resources */ = {isa = PBXBuildFile; fileRef = EA0FA37A27A99C3E00964033 /* MainInterface.storyboard */; };
		EA0FA37E27A99C3F00964033 /* Assets.xcassets in Resources */ = {isa = PBXBuildFile; fileRef = EA0FA37D27A99C3F00964033 /* Assets.xcassets */; };
		EA71290827B6D8B200D1DAB5 /* string+localization.swift in Sources */ = {isa = PBXBuildFile; fileRef = EA71290727B6D8B200D1DAB5 /* string+localization.swift */; };
		EA71290B27B6D96400D1DAB5 /* Localization.strings in Resources */ = {isa = PBXBuildFile; fileRef = EA71290D27B6D96400D1DAB5 /* Localization.strings */; };
		EACF287327B19CD00074B4F1 /* Assets.xcassets in Resources */ = {isa = PBXBuildFile; fileRef = EA0FA37D27A99C3F00964033 /* Assets.xcassets */; };
/* End PBXBuildFile section */

/* Begin PBXContainerItemProxy section */
		EA0FA37227A99C3E00964033 /* PBXContainerItemProxy */ = {
			isa = PBXContainerItemProxy;
			containerPortal = EA0FA36127A99C3B00964033 /* Project object */;
			proxyType = 1;
			remoteGlobalIDString = EA0FA36F27A99C3E00964033;
			remoteInfo = "moracleapp MessagesExtension";
		};
/* End PBXContainerItemProxy section */

/* Begin PBXCopyFilesBuildPhase section */
		EA0FA38527A99C3F00964033 /* Embed App Extensions */ = {
			isa = PBXCopyFilesBuildPhase;
			buildActionMask = 2147483647;
			dstPath = "";
			dstSubfolderSpec = 13;
			files = (
				EA0FA37127A99C3E00964033 /* moracleapp MessagesExtension.appex in Embed App Extensions */,
			);
			name = "Embed App Extensions";
			runOnlyForDeploymentPostprocessing = 0;
		};
/* End PBXCopyFilesBuildPhase section */

/* Begin PBXFileReference section */
		EA0FA36727A99C3B00964033 /* moracleapp.app */ = {isa = PBXFileReference; explicitFileType = wrapper.application; includeInIndex = 0; path = moracleapp.app; sourceTree = BUILT_PRODUCTS_DIR; };
		EA0FA36A27A99C3E00964033 /* Assets.xcassets */ = {isa = PBXFileReference; lastKnownFileType = folder.assetcatalog; path = Assets.xcassets; sourceTree = "<group>"; };
		EA0FA37027A99C3E00964033 /* moracleapp MessagesExtension.appex */ = {isa = PBXFileReference; explicitFileType = "wrapper.app-extension"; includeInIndex = 0; path = "moracleapp MessagesExtension.appex"; sourceTree = BUILT_PRODUCTS_DIR; };
		EA0FA37527A99C3E00964033 /* Messages.framework */ = {isa = PBXFileReference; lastKnownFileType = wrapper.framework; name = Messages.framework; path = System/Library/Frameworks/Messages.framework; sourceTree = SDKROOT; };
		EA0FA37827A99C3E00964033 /* MessagesViewController.swift */ = {isa = PBXFileReference; lastKnownFileType = sourcecode.swift; path = MessagesViewController.swift; sourceTree = "<group>"; };
		EA0FA37B27A99C3E00964033 /* Base */ = {isa = PBXFileReference; lastKnownFileType = file.storyboard; name = Base; path = Base.lproj/MainInterface.storyboard; sourceTree = "<group>"; };
		EA0FA37D27A99C3F00964033 /* Assets.xcassets */ = {isa = PBXFileReference; lastKnownFileType = folder.assetcatalog; path = Assets.xcassets; sourceTree = "<group>"; };
		EA0FA37F27A99C3F00964033 /* Info.plist */ = {isa = PBXFileReference; lastKnownFileType = text.plist.xml; path = Info.plist; sourceTree = "<group>"; };
		EA71290627B6D84000D1DAB5 /* pt-BR */ = {isa = PBXFileReference; lastKnownFileType = text.plist.strings; name = "pt-BR"; path = "pt-BR.lproj/MainInterface.strings"; sourceTree = "<group>"; };
		EA71290727B6D8B200D1DAB5 /* string+localization.swift */ = {isa = PBXFileReference; lastKnownFileType = sourcecode.swift; path = "string+localization.swift"; sourceTree = "<group>"; };
		EA71290C27B6D96400D1DAB5 /* pt-BR */ = {isa = PBXFileReference; lastKnownFileType = text.plist.strings; name = "pt-BR"; path = "pt-BR.lproj/Localization.strings"; sourceTree = "<group>"; };
/* End PBXFileReference section */

/* Begin PBXFrameworksBuildPhase section */
		EA0FA36D27A99C3E00964033 /* Frameworks */ = {
			isa = PBXFrameworksBuildPhase;
			buildActionMask = 2147483647;
			files = (
				EA0FA37627A99C3E00964033 /* Messages.framework in Frameworks */,
			);
			runOnlyForDeploymentPostprocessing = 0;
		};
/* End PBXFrameworksBuildPhase section */

/* Begin PBXGroup section */
		EA0FA36027A99C3B00964033 = {
			isa = PBXGroup;
			children = (
				EA0FA36927A99C3B00964033 /* moracleapp */,
				EA0FA37727A99C3E00964033 /* moracleapp MessagesExtension */,
				EA0FA37427A99C3E00964033 /* Frameworks */,
				EA0FA36827A99C3B00964033 /* Products */,
			);
			sourceTree = "<group>";
		};
		EA0FA36827A99C3B00964033 /* Products */ = {
			isa = PBXGroup;
			children = (
				EA0FA36727A99C3B00964033 /* moracleapp.app */,
				EA0FA37027A99C3E00964033 /* moracleapp MessagesExtension.appex */,
			);
			name = Products;
			sourceTree = "<group>";
		};
		EA0FA36927A99C3B00964033 /* moracleapp */ = {
			isa = PBXGroup;
			children = (
				EA0FA36A27A99C3E00964033 /* Assets.xcassets */,
			);
			path = moracleapp;
			sourceTree = "<group>";
		};
		EA0FA37427A99C3E00964033 /* Frameworks */ = {
			isa = PBXGroup;
			children = (
				EA0FA37527A99C3E00964033 /* Messages.framework */,
			);
			name = Frameworks;
			sourceTree = "<group>";
		};
		EA0FA37727A99C3E00964033 /* moracleapp MessagesExtension */ = {
			isa = PBXGroup;
			children = (
				EA0FA37827A99C3E00964033 /* MessagesViewController.swift */,
				EA71290727B6D8B200D1DAB5 /* string+localization.swift */,
				EA71290D27B6D96400D1DAB5 /* Localization.strings */,
				EA0FA37A27A99C3E00964033 /* MainInterface.storyboard */,
				EA0FA37D27A99C3F00964033 /* Assets.xcassets */,
				EA0FA37F27A99C3F00964033 /* Info.plist */,
			);
			path = "moracleapp MessagesExtension";
			sourceTree = "<group>";
		};
/* End PBXGroup section */

/* Begin PBXNativeTarget section */
		EA0FA36627A99C3B00964033 /* moracleapp */ = {
			isa = PBXNativeTarget;
			buildConfigurationList = EA0FA38627A99C3F00964033 /* Build configuration list for PBXNativeTarget "moracleapp" */;
			buildPhases = (
				EA0FA36527A99C3B00964033 /* Resources */,
				EA0FA38527A99C3F00964033 /* Embed App Extensions */,
			);
			buildRules = (
			);
			dependencies = (
				EA0FA37327A99C3E00964033 /* PBXTargetDependency */,
			);
			name = moracleapp;
			productName = moracleapp;
			productReference = EA0FA36727A99C3B00964033 /* moracleapp.app */;
			productType = "com.apple.product-type.application.messages";
		};
		EA0FA36F27A99C3E00964033 /* moracleapp MessagesExtension */ = {
			isa = PBXNativeTarget;
			buildConfigurationList = EA0FA38227A99C3F00964033 /* Build configuration list for PBXNativeTarget "moracleapp MessagesExtension" */;
			buildPhases = (
				EA0FA36C27A99C3E00964033 /* Sources */,
				EA0FA36D27A99C3E00964033 /* Frameworks */,
				EA0FA36E27A99C3E00964033 /* Resources */,
			);
			buildRules = (
			);
			dependencies = (
			);
			name = "moracleapp MessagesExtension";
			productName = "moracleapp MessagesExtension";
			productReference = EA0FA37027A99C3E00964033 /* moracleapp MessagesExtension.appex */;
			productType = "com.apple.product-type.app-extension.messages";
		};
/* End PBXNativeTarget section */

/* Begin PBXProject section */
		EA0FA36127A99C3B00964033 /* Project object */ = {
			isa = PBXProject;
			attributes = {
				BuildIndependentTargetsInParallel = 1;
				LastSwiftUpdateCheck = 1300;
				LastUpgradeCheck = 1300;
				TargetAttributes = {
					EA0FA36627A99C3B00964033 = {
						CreatedOnToolsVersion = 13.0;
					};
					EA0FA36F27A99C3E00964033 = {
						CreatedOnToolsVersion = 13.0;
					};
				};
			};
			buildConfigurationList = EA0FA36427A99C3B00964033 /* Build configuration list for PBXProject "moracleapp" */;
			compatibilityVersion = "Xcode 13.0";
			developmentRegion = en;
			hasScannedForEncodings = 0;
			knownRegions = (
				en,
				Base,
				"pt-BR",
			);
			mainGroup = EA0FA36027A99C3B00964033;
			productRefGroup = EA0FA36827A99C3B00964033 /* Products */;
			projectDirPath = "";
			projectRoot = "";
			targets = (
				EA0FA36627A99C3B00964033 /* moracleapp */,
				EA0FA36F27A99C3E00964033 /* moracleapp MessagesExtension */,
			);
		};
/* End PBXProject section */

/* Begin PBXResourcesBuildPhase section */
		EA0FA36527A99C3B00964033 /* Resources */ = {
			isa = PBXResourcesBuildPhase;
			buildActionMask = 2147483647;
			files = (
				EACF287327B19CD00074B4F1 /* Assets.xcassets in Resources */,
				EA0FA36B27A99C3E00964033 /* Assets.xcassets in Resources */,
			);
			runOnlyForDeploymentPostprocessing = 0;
		};
		EA0FA36E27A99C3E00964033 /* Resources */ = {
			isa = PBXResourcesBuildPhase;
			buildActionMask = 2147483647;
			files = (
				EA0FA37E27A99C3F00964033 /* Assets.xcassets in Resources */,
				EA71290B27B6D96400D1DAB5 /* Localization.strings in Resources */,
				EA0FA37C27A99C3E00964033 /* MainInterface.storyboard in Resources */,
			);
			runOnlyForDeploymentPostprocessing = 0;
		};
/* End PBXResourcesBuildPhase section */

/* Begin PBXSourcesBuildPhase section */
		EA0FA36C27A99C3E00964033 /* Sources */ = {
			isa = PBXSourcesBuildPhase;
			buildActionMask = 2147483647;
			files = (
				EA0FA37927A99C3E00964033 /* MessagesViewController.swift in Sources */,
				EA71290827B6D8B200D1DAB5 /* string+localization.swift in Sources */,
			);
			runOnlyForDeploymentPostprocessing = 0;
		};
/* End PBXSourcesBuildPhase section */

/* Begin PBXTargetDependency section */
		EA0FA37327A99C3E00964033 /* PBXTargetDependency */ = {
			isa = PBXTargetDependency;
			target = EA0FA36F27A99C3E00964033 /* moracleapp MessagesExtension */;
			targetProxy = EA0FA37227A99C3E00964033 /* PBXContainerItemProxy */;
		};
/* End PBXTargetDependency section */

/* Begin PBXVariantGroup section */
		EA0FA37A27A99C3E00964033 /* MainInterface.storyboard */ = {
			isa = PBXVariantGroup;
			children = (
				EA0FA37B27A99C3E00964033 /* Base */,
				EA71290627B6D84000D1DAB5 /* pt-BR */,
			);
			name = MainInterface.storyboard;
			sourceTree = "<group>";
		};
		EA71290D27B6D96400D1DAB5 /* Localization.strings */ = {
			isa = PBXVariantGroup;
			children = (
				EA71290C27B6D96400D1DAB5 /* pt-BR */,
			);
			name = Localization.strings;
			sourceTree = "<group>";
		};
/* End PBXVariantGroup section */

/* Begin XCBuildConfiguration section */
		EA0FA38027A99C3F00964033 /* Debug */ = {
			isa = XCBuildConfiguration;
			buildSettings = {
				ALWAYS_SEARCH_USER_PATHS = NO;
				CLANG_ANALYZER_LOCALIZABILITY_NONLOCALIZED = YES;
				CLANG_ANALYZER_NONNULL = YES;
				CLANG_ANALYZER_NUMBER_OBJECT_CONVERSION = YES_AGGRESSIVE;
				CLANG_CXX_LANGUAGE_STANDARD = "gnu++17";
				CLANG_CXX_LIBRARY = "libc++";
				CLANG_ENABLE_MODULES = YES;
				CLANG_ENABLE_OBJC_ARC = YES;
				CLANG_ENABLE_OBJC_WEAK = YES;
				CLANG_WARN_BLOCK_CAPTURE_AUTORELEASING = YES;
				CLANG_WARN_BOOL_CONVERSION = YES;
				CLANG_WARN_COMMA = YES;
				CLANG_WARN_CONSTANT_CONVERSION = YES;
				CLANG_WARN_DEPRECATED_OBJC_IMPLEMENTATIONS = YES;
				CLANG_WARN_DIRECT_OBJC_ISA_USAGE = YES_ERROR;
				CLANG_WARN_DOCUMENTATION_COMMENTS = YES;
				CLANG_WARN_EMPTY_BODY = YES;
				CLANG_WARN_ENUM_CONVERSION = YES;
				CLANG_WARN_INFINITE_RECURSION = YES;
				CLANG_WARN_INT_CONVERSION = YES;
				CLANG_WARN_NON_LITERAL_NULL_CONVERSION = YES;
				CLANG_WARN_OBJC_IMPLICIT_RETAIN_SELF = YES;
				CLANG_WARN_OBJC_LITERAL_CONVERSION = YES;
				CLANG_WARN_OBJC_ROOT_CLASS = YES_ERROR;
				CLANG_WARN_QUOTED_INCLUDE_IN_FRAMEWORK_HEADER = YES;
				CLANG_WARN_RANGE_LOOP_ANALYSIS = YES;
				CLANG_WARN_STRICT_PROTOTYPES = YES;
				CLANG_WARN_SUSPICIOUS_MOVE = YES;
				CLANG_WARN_UNGUARDED_AVAILABILITY = YES_AGGRESSIVE;
				CLANG_WARN_UNREACHABLE_CODE = YES;
				CLANG_WARN__DUPLICATE_METHOD_MATCH = YES;
				COPY_PHASE_STRIP = NO;
				DEBUG_INFORMATION_FORMAT = dwarf;
				ENABLE_STRICT_OBJC_MSGSEND = YES;
				ENABLE_TESTABILITY = YES;
				GCC_C_LANGUAGE_STANDARD = gnu11;
				GCC_DYNAMIC_NO_PIC = NO;
				GCC_NO_COMMON_BLOCKS = YES;
				GCC_OPTIMIZATION_LEVEL = 0;
				GCC_PREPROCESSOR_DEFINITIONS = (
					"DEBUG=1",
					"$(inherited)",
				);
				GCC_WARN_64_TO_32_BIT_CONVERSION = YES;
				GCC_WARN_ABOUT_RETURN_TYPE = YES_ERROR;
				GCC_WARN_UNDECLARED_SELECTOR = YES;
				GCC_WARN_UNINITIALIZED_AUTOS = YES_AGGRESSIVE;
				GCC_WARN_UNUSED_FUNCTION = YES;
				GCC_WARN_UNUSED_VARIABLE = YES;
				IPHONEOS_DEPLOYMENT_TARGET = 15.0;
				MTL_ENABLE_DEBUG_INFO = INCLUDE_SOURCE;
				MTL_FAST_MATH = YES;
				ONLY_ACTIVE_ARCH = YES;
				SDKROOT = iphoneos;
				SWIFT_ACTIVE_COMPILATION_CONDITIONS = DEBUG;
				SWIFT_OPTIMIZATION_LEVEL = "-Onone";
			};
			name = Debug;
		};
		EA0FA38127A99C3F00964033 /* Release */ = {
			isa = XCBuildConfiguration;
			buildSettings = {
				ALWAYS_SEARCH_USER_PATHS = NO;
				CLANG_ANALYZER_LOCALIZABILITY_NONLOCALIZED = YES;
				CLANG_ANALYZER_NONNULL = YES;
				CLANG_ANALYZER_NUMBER_OBJECT_CONVERSION = YES_AGGRESSIVE;
				CLANG_CXX_LANGUAGE_STANDARD = "gnu++17";
				CLANG_CXX_LIBRARY = "libc++";
				CLANG_ENABLE_MODULES = YES;
				CLANG_ENABLE_OBJC_ARC = YES;
				CLANG_ENABLE_OBJC_WEAK = YES;
				CLANG_WARN_BLOCK_CAPTURE_AUTORELEASING = YES;
				CLANG_WARN_BOOL_CONVERSION = YES;
				CLANG_WARN_COMMA = YES;
				CLANG_WARN_CONSTANT_CONVERSION = YES;
				CLANG_WARN_DEPRECATED_OBJC_IMPLEMENTATIONS = YES;
				CLANG_WARN_DIRECT_OBJC_ISA_USAGE = YES_ERROR;
				CLANG_WARN_DOCUMENTATION_COMMENTS = YES;
				CLANG_WARN_EMPTY_BODY = YES;
				CLANG_WARN_ENUM_CONVERSION = YES;
				CLANG_WARN_INFINITE_RECURSION = YES;
				CLANG_WARN_INT_CONVERSION = YES;
				CLANG_WARN_NON_LITERAL_NULL_CONVERSION = YES;
				CLANG_WARN_OBJC_IMPLICIT_RETAIN_SELF = YES;
				CLANG_WARN_OBJC_LITERAL_CONVERSION = YES;
				CLANG_WARN_OBJC_ROOT_CLASS = YES_ERROR;
				CLANG_WARN_QUOTED_INCLUDE_IN_FRAMEWORK_HEADER = YES;
				CLANG_WARN_RANGE_LOOP_ANALYSIS = YES;
				CLANG_WARN_STRICT_PROTOTYPES = YES;
				CLANG_WARN_SUSPICIOUS_MOVE = YES;
				CLANG_WARN_UNGUARDED_AVAILABILITY = YES_AGGRESSIVE;
				CLANG_WARN_UNREACHABLE_CODE = YES;
				CLANG_WARN__DUPLICATE_METHOD_MATCH = YES;
				COPY_PHASE_STRIP = NO;
				DEBUG_INFORMATION_FORMAT = "dwarf-with-dsym";
				ENABLE_NS_ASSERTIONS = NO;
				ENABLE_STRICT_OBJC_MSGSEND = YES;
				GCC_C_LANGUAGE_STANDARD = gnu11;
				GCC_NO_COMMON_BLOCKS = YES;
				GCC_WARN_64_TO_32_BIT_CONVERSION = YES;
				GCC_WARN_ABOUT_RETURN_TYPE = YES_ERROR;
				GCC_WARN_UNDECLARED_SELECTOR = YES;
				GCC_WARN_UNINITIALIZED_AUTOS = YES_AGGRESSIVE;
				GCC_WARN_UNUSED_FUNCTION = YES;
				GCC_WARN_UNUSED_VARIABLE = YES;
				IPHONEOS_DEPLOYMENT_TARGET = 15.0;
				MTL_ENABLE_DEBUG_INFO = NO;
				MTL_FAST_MATH = YES;
				SDKROOT = iphoneos;
				SWIFT_COMPILATION_MODE = wholemodule;
				SWIFT_OPTIMIZATION_LEVEL = "-O";
				VALIDATE_PRODUCT = YES;
			};
			name = Release;
		};
		EA0FA38327A99C3F00964033 /* Debug */ = {
			isa = XCBuildConfiguration;
			buildSettings = {
				ASSETCATALOG_COMPILER_APPICON_NAME = "iMessage App Icon";
				CODE_SIGN_STYLE = Automatic;
				CURRENT_PROJECT_VERSION = 1;
				DEVELOPMENT_TEAM = U9236D2UC6;
				GENERATE_INFOPLIST_FILE = YES;
				INFOPLIST_FILE = "moracleapp MessagesExtension/Info.plist";
				INFOPLIST_KEY_CFBundleDisplayName = moracleapp;
				INFOPLIST_KEY_NSHumanReadableCopyright = "";
				LD_RUNPATH_SEARCH_PATHS = (
					"$(inherited)",
					"@executable_path/Frameworks",
					"@executable_path/../../Frameworks",
				);
				MARKETING_VERSION = 1.1;
				PRODUCT_BUNDLE_IDENTIFIER = muzinha.moracleapp.MessagesExtension;
				PRODUCT_NAME = "$(TARGET_NAME)";
				SKIP_INSTALL = YES;
				SWIFT_EMIT_LOC_STRINGS = YES;
				SWIFT_VERSION = 5.0;
				TARGETED_DEVICE_FAMILY = "1,2";
			};
			name = Debug;
		};
		EA0FA38427A99C3F00964033 /* Release */ = {
			isa = XCBuildConfiguration;
			buildSettings = {
				ASSETCATALOG_COMPILER_APPICON_NAME = "iMessage App Icon";
				CODE_SIGN_STYLE = Automatic;
				CURRENT_PROJECT_VERSION = 1;
				DEVELOPMENT_TEAM = U9236D2UC6;
				GENERATE_INFOPLIST_FILE = YES;
				INFOPLIST_FILE = "moracleapp MessagesExtension/Info.plist";
				INFOPLIST_KEY_CFBundleDisplayName = moracleapp;
				INFOPLIST_KEY_NSHumanReadableCopyright = "";
				LD_RUNPATH_SEARCH_PATHS = (
					"$(inherited)",
					"@executable_path/Frameworks",
					"@executable_path/../../Frameworks",
				);
				MARKETING_VERSION = 1.1;
				PRODUCT_BUNDLE_IDENTIFIER = muzinha.moracleapp.MessagesExtension;
				PRODUCT_NAME = "$(TARGET_NAME)";
				SKIP_INSTALL = YES;
				SWIFT_EMIT_LOC_STRINGS = YES;
				SWIFT_VERSION = 5.0;
				TARGETED_DEVICE_FAMILY = "1,2";
			};
			name = Release;
		};
		EA0FA38727A99C3F00964033 /* Debug */ = {
			isa = XCBuildConfiguration;
			buildSettings = {
				ALWAYS_EMBED_SWIFT_STANDARD_LIBRARIES = YES;
				ASSETCATALOG_COMPILER_APPICON_NAME = AppIcon;
				ASSETCATALOG_COMPILER_INCLUDE_ALL_APPICON_ASSETS = YES;
				CODE_SIGN_STYLE = Automatic;
				CURRENT_PROJECT_VERSION = 1;
				DEVELOPMENT_TEAM = U9236D2UC6;
				GENERATE_INFOPLIST_FILE = YES;
				INFOPLIST_KEY_UILaunchStoryboardName = LaunchScreen;
				INFOPLIST_KEY_UISupportedInterfaceOrientations_iPad = "UIInterfaceOrientationPortrait UIInterfaceOrientationPortraitUpsideDown UIInterfaceOrientationLandscapeLeft UIInterfaceOrientationLandscapeRight";
				INFOPLIST_KEY_UISupportedInterfaceOrientations_iPhone = "UIInterfaceOrientationPortrait UIInterfaceOrientationLandscapeLeft UIInterfaceOrientationLandscapeRight";
				MARKETING_VERSION = 1.0;
				PRODUCT_BUNDLE_IDENTIFIER = muzinha.moracleapp;
				PRODUCT_NAME = "$(TARGET_NAME)";
				SWIFT_EMIT_LOC_STRINGS = YES;
				SWIFT_VERSION = 5.0;
				TARGETED_DEVICE_FAMILY = 1;
			};
			name = Debug;
		};
		EA0FA38827A99C3F00964033 /* Release */ = {
			isa = XCBuildConfiguration;
			buildSettings = {
				ALWAYS_EMBED_SWIFT_STANDARD_LIBRARIES = YES;
				ASSETCATALOG_COMPILER_APPICON_NAME = AppIcon;
				ASSETCATALOG_COMPILER_INCLUDE_ALL_APPICON_ASSETS = YES;
				CODE_SIGN_STYLE = Automatic;
				CURRENT_PROJECT_VERSION = 1;
				DEVELOPMENT_TEAM = U9236D2UC6;
				GENERATE_INFOPLIST_FILE = YES;
				INFOPLIST_KEY_UILaunchStoryboardName = LaunchScreen;
				INFOPLIST_KEY_UISupportedInterfaceOrientations_iPad = "UIInterfaceOrientationPortrait UIInterfaceOrientationPortraitUpsideDown UIInterfaceOrientationLandscapeLeft UIInterfaceOrientationLandscapeRight";
				INFOPLIST_KEY_UISupportedInterfaceOrientations_iPhone = "UIInterfaceOrientationPortrait UIInterfaceOrientationLandscapeLeft UIInterfaceOrientationLandscapeRight";
				MARKETING_VERSION = 1.0;
				PRODUCT_BUNDLE_IDENTIFIER = muzinha.moracleapp;
				PRODUCT_NAME = "$(TARGET_NAME)";
				SWIFT_EMIT_LOC_STRINGS = YES;
				SWIFT_VERSION = 5.0;
				TARGETED_DEVICE_FAMILY = 1;
			};
			name = Release;
		};
/* End XCBuildConfiguration section */

/* Begin XCConfigurationList section */
		EA0FA36427A99C3B00964033 /* Build configuration list for PBXProject "moracleapp" */ = {
			isa = XCConfigurationList;
			buildConfigurations = (
				EA0FA38027A99C3F00964033 /* Debug */,
				EA0FA38127A99C3F00964033 /* Release */,
			);
			defaultConfigurationIsVisible = 0;
			defaultConfigurationName = Release;
		};
		EA0FA38227A99C3F00964033 /* Build configuration list for PBXNativeTarget "moracleapp MessagesExtension" */ = {
			isa = XCConfigurationList;
			buildConfigurations = (
				EA0FA38327A99C3F00964033 /* Debug */,
				EA0FA38427A99C3F00964033 /* Release */,
			);
			defaultConfigurationIsVisible = 0;
			defaultConfigurationName = Release;
		};
		EA0FA38627A99C3F00964033 /* Build configuration list for PBXNativeTarget "moracleapp" */ = {
			isa = XCConfigurationList;
			buildConfigurations = (
				EA0FA38727A99C3F00964033 /* Debug */,
				EA0FA38827A99C3F00964033 /* Release */,
			);
			defaultConfigurationIsVisible = 0;
			defaultConfigurationName = Release;
		};
/* End XCConfigurationList section */
	};
	rootObject = EA0FA36127A99C3B00964033 /* Project object */;
}
